
Microsoft Visual Studio Solution File, Format Version 12.00
Project("{FAE04EC0-301F-11D3-BF4B-00C04F79EFBC}") = "WebApp", "WebApp\WebApp.csproj", "{57E61499-150D-4935-82EF-176456564861}"
EndProject
Project("{2150E333-8FDC-42A3-9474-1A3956D46DE8}") = "!Solution Items", "!Solution Items", "{A14E4DAD-DB23-4C35-9FC8-A719651DB48B}"
	ProjectSection(SolutionItems) = preProject
		README.md = README.md
		..\ModelPaintTracker\Directory.Build.props = ..\ModelPaintTracker\Directory.Build.props
		ProjectProposal_TanelPaal.pdf = ProjectProposal_TanelPaal.pdf
		docker-compose.yml = docker-compose.yml
		Dockerfile = Dockerfile
		.dockerignore = .dockerignore
	EndProjectSection
EndProject
Project("{FAE04EC0-301F-11D3-BF4B-00C04F79EFBC}") = "App.Domain", "App.Domain\App.Domain.csproj", "{7B05FB37-7A02-4DC9-A685-93745F1ED164}"
EndProject
Project("{FAE04EC0-301F-11D3-BF4B-00C04F79EFBC}") = "App.DAL.EF", "App.DAL.EF\App.DAL.EF.csproj", "{D2C362C4-404E-4569-B6D1-7AB52B9A4D13}"
EndProject
Project("{2150E333-8FDC-42A3-9474-1A3956D46DE8}") = "APP", "APP", "{0DD60465-437B-47C2-9E3E-9A20449891F4}"
EndProject
Project("{2150E333-8FDC-42A3-9474-1A3956D46DE8}") = "BASE", "BASE", "{5B8057C0-61FD-4811-93CC-201CE1C780FA}"
EndProject
Project("{FAE04EC0-301F-11D3-BF4B-00C04F79EFBC}") = "Base.Domain", "Base.Domain\Base.Domain.csproj", "{EC973D85-4EFF-41C5-BF26-A3F3ADAD93C1}"
EndProject
Project("{FAE04EC0-301F-11D3-BF4B-00C04F79EFBC}") = "Base.Resources", "Base.Resources\Base.Resources.csproj", "{E4787925-80B9-429B-9AEA-BB0A6AF38E36}"
EndProject
Project("{FAE04EC0-301F-11D3-BF4B-00C04F79EFBC}") = "App.Resources", "App.Resources\App.Resources.csproj", "{C679F284-6DDD-4C55-B2E6-B7396CBE05EB}"
EndProject
Project("{FAE04EC0-301F-11D3-BF4B-00C04F79EFBC}") = "Base.DAL.Contracts", "Base.DAL.Contracts\Base.DAL.Contracts.csproj", "{700172ED-F70A-4572-8F9A-7201FBE6A8AB}"
EndProject
Project("{FAE04EC0-301F-11D3-BF4B-00C04F79EFBC}") = "Base.Helpers", "Base.Helpers\Base.Helpers.csproj", "{13FC62EA-6FDA-4751-983A-833E6352BEAE}"
EndProject
Project("{FAE04EC0-301F-11D3-BF4B-00C04F79EFBC}") = "Base.Contracts", "Base.Contracts\Base.Contracts.csproj", "{B607F4CA-0D38-40B0-AD8F-3CC0F0099517}"
EndProject
Project("{FAE04EC0-301F-11D3-BF4B-00C04F79EFBC}") = "Base.DAL.EF", "Base.DAL.EF\Base.DAL.EF.csproj", "{1B43060E-3AEF-41BD-A25F-28E8FDAB18EF}"
EndProject
Project("{FAE04EC0-301F-11D3-BF4B-00C04F79EFBC}") = "App.DAL.Contracts", "App.DAL.Contracts\App.DAL.Contracts.csproj", "{F29E56A4-9D42-4442-8474-8A3828D52EE9}"
EndProject
Project("{FAE04EC0-301F-11D3-BF4B-00C04F79EFBC}") = "App.DTO", "App.DTO\App.DTO.csproj", "{C99A788F-C05F-4C34-A239-6B3B5BC1F5E2}"
EndProject
Project("{FAE04EC0-301F-11D3-BF4B-00C04F79EFBC}") = "App.DAL.DTO", "App.DAL.DTO\App.DAL.DTO.csproj", "{F98820F1-99B7-463C-92F9-D3C06DA5E271}"
EndProject
Project("{FAE04EC0-301F-11D3-BF4B-00C04F79EFBC}") = "Base.BLL", "Base.BLL\Base.BLL.csproj", "{CC7CC94C-3685-4AA6-A90C-A57942ECD69F}"
EndProject
Project("{FAE04EC0-301F-11D3-BF4B-00C04F79EFBC}") = "Base.BLL.Contracts", "Base.BLL.Contracts\Base.BLL.Contracts.csproj", "{C2D9C0F4-D0C4-42FD-8986-61387344C9EC}"
EndProject
Project("{FAE04EC0-301F-11D3-BF4B-00C04F79EFBC}") = "App.BLL", "App.BLL\App.BLL.csproj", "{E70DB978-7C4B-4C99-960F-2753677FD4AF}"
EndProject
Project("{FAE04EC0-301F-11D3-BF4B-00C04F79EFBC}") = "App.BLL.Contracts", "App.BLL.Contracts\App.BLL.Contracts.csproj", "{3B7B4EE7-AD9B-4EA3-9FDE-E286ABD23D22}"
EndProject
Project("{FAE04EC0-301F-11D3-BF4B-00C04F79EFBC}") = "App.BLL.DTO", "App.BLL.DTO\App.BLL.DTO.csproj", "{BE3CAC54-DA7C-4B8C-8E06-570C60502834}"
EndProject
Project("{FAE04EC0-301F-11D3-BF4B-00C04F79EFBC}") = "App.Test", "App.Test\App.Test.csproj", "{38C9DA2A-F579-4786-8640-9019A33399C8}"
EndProject
Global
	GlobalSection(SolutionConfigurationPlatforms) = preSolution
		Debug|Any CPU = Debug|Any CPU
		Release|Any CPU = Release|Any CPU
	EndGlobalSection
	GlobalSection(ProjectConfigurationPlatforms) = postSolution
		{57E61499-150D-4935-82EF-176456564861}.Debug|Any CPU.ActiveCfg = Debug|Any CPU
		{57E61499-150D-4935-82EF-176456564861}.Debug|Any CPU.Build.0 = Debug|Any CPU
		{57E61499-150D-4935-82EF-176456564861}.Release|Any CPU.ActiveCfg = Release|Any CPU
		{57E61499-150D-4935-82EF-176456564861}.Release|Any CPU.Build.0 = Release|Any CPU
		{7B05FB37-7A02-4DC9-A685-93745F1ED164}.Debug|Any CPU.ActiveCfg = Debug|Any CPU
		{7B05FB37-7A02-4DC9-A685-93745F1ED164}.Debug|Any CPU.Build.0 = Debug|Any CPU
		{7B05FB37-7A02-4DC9-A685-93745F1ED164}.Release|Any CPU.ActiveCfg = Release|Any CPU
		{7B05FB37-7A02-4DC9-A685-93745F1ED164}.Release|Any CPU.Build.0 = Release|Any CPU
		{D2C362C4-404E-4569-B6D1-7AB52B9A4D13}.Debug|Any CPU.ActiveCfg = Debug|Any CPU
		{D2C362C4-404E-4569-B6D1-7AB52B9A4D13}.Debug|Any CPU.Build.0 = Debug|Any CPU
		{D2C362C4-404E-4569-B6D1-7AB52B9A4D13}.Release|Any CPU.ActiveCfg = Release|Any CPU
		{D2C362C4-404E-4569-B6D1-7AB52B9A4D13}.Release|Any CPU.Build.0 = Release|Any CPU
		{EC973D85-4EFF-41C5-BF26-A3F3ADAD93C1}.Debug|Any CPU.ActiveCfg = Debug|Any CPU
		{EC973D85-4EFF-41C5-BF26-A3F3ADAD93C1}.Debug|Any CPU.Build.0 = Debug|Any CPU
		{EC973D85-4EFF-41C5-BF26-A3F3ADAD93C1}.Release|Any CPU.ActiveCfg = Release|Any CPU
		{EC973D85-4EFF-41C5-BF26-A3F3ADAD93C1}.Release|Any CPU.Build.0 = Release|Any CPU
		{E4787925-80B9-429B-9AEA-BB0A6AF38E36}.Debug|Any CPU.ActiveCfg = Debug|Any CPU
		{E4787925-80B9-429B-9AEA-BB0A6AF38E36}.Debug|Any CPU.Build.0 = Debug|Any CPU
		{E4787925-80B9-429B-9AEA-BB0A6AF38E36}.Release|Any CPU.ActiveCfg = Release|Any CPU
		{E4787925-80B9-429B-9AEA-BB0A6AF38E36}.Release|Any CPU.Build.0 = Release|Any CPU
		{C679F284-6DDD-4C55-B2E6-B7396CBE05EB}.Debug|Any CPU.ActiveCfg = Debug|Any CPU
		{C679F284-6DDD-4C55-B2E6-B7396CBE05EB}.Debug|Any CPU.Build.0 = Debug|Any CPU
		{C679F284-6DDD-4C55-B2E6-B7396CBE05EB}.Release|Any CPU.ActiveCfg = Release|Any CPU
		{C679F284-6DDD-4C55-B2E6-B7396CBE05EB}.Release|Any CPU.Build.0 = Release|Any CPU
		{700172ED-F70A-4572-8F9A-7201FBE6A8AB}.Debug|Any CPU.ActiveCfg = Debug|Any CPU
		{700172ED-F70A-4572-8F9A-7201FBE6A8AB}.Debug|Any CPU.Build.0 = Debug|Any CPU
		{700172ED-F70A-4572-8F9A-7201FBE6A8AB}.Release|Any CPU.ActiveCfg = Release|Any CPU
		{700172ED-F70A-4572-8F9A-7201FBE6A8AB}.Release|Any CPU.Build.0 = Release|Any CPU
		{13FC62EA-6FDA-4751-983A-833E6352BEAE}.Debug|Any CPU.ActiveCfg = Debug|Any CPU
		{13FC62EA-6FDA-4751-983A-833E6352BEAE}.Debug|Any CPU.Build.0 = Debug|Any CPU
		{13FC62EA-6FDA-4751-983A-833E6352BEAE}.Release|Any CPU.ActiveCfg = Release|Any CPU
		{13FC62EA-6FDA-4751-983A-833E6352BEAE}.Release|Any CPU.Build.0 = Release|Any CPU
		{B607F4CA-0D38-40B0-AD8F-3CC0F0099517}.Debug|Any CPU.ActiveCfg = Debug|Any CPU
		{B607F4CA-0D38-40B0-AD8F-3CC0F0099517}.Debug|Any CPU.Build.0 = Debug|Any CPU
		{B607F4CA-0D38-40B0-AD8F-3CC0F0099517}.Release|Any CPU.ActiveCfg = Release|Any CPU
		{B607F4CA-0D38-40B0-AD8F-3CC0F0099517}.Release|Any CPU.Build.0 = Release|Any CPU
		{1B43060E-3AEF-41BD-A25F-28E8FDAB18EF}.Debug|Any CPU.ActiveCfg = Debug|Any CPU
		{1B43060E-3AEF-41BD-A25F-28E8FDAB18EF}.Debug|Any CPU.Build.0 = Debug|Any CPU
		{1B43060E-3AEF-41BD-A25F-28E8FDAB18EF}.Release|Any CPU.ActiveCfg = Release|Any CPU
		{1B43060E-3AEF-41BD-A25F-28E8FDAB18EF}.Release|Any CPU.Build.0 = Release|Any CPU
		{F29E56A4-9D42-4442-8474-8A3828D52EE9}.Debug|Any CPU.ActiveCfg = Debug|Any CPU
		{F29E56A4-9D42-4442-8474-8A3828D52EE9}.Debug|Any CPU.Build.0 = Debug|Any CPU
		{F29E56A4-9D42-4442-8474-8A3828D52EE9}.Release|Any CPU.ActiveCfg = Release|Any CPU
		{F29E56A4-9D42-4442-8474-8A3828D52EE9}.Release|Any CPU.Build.0 = Release|Any CPU
		{C99A788F-C05F-4C34-A239-6B3B5BC1F5E2}.Debug|Any CPU.ActiveCfg = Debug|Any CPU
		{C99A788F-C05F-4C34-A239-6B3B5BC1F5E2}.Debug|Any CPU.Build.0 = Debug|Any CPU
		{C99A788F-C05F-4C34-A239-6B3B5BC1F5E2}.Release|Any CPU.ActiveCfg = Release|Any CPU
		{C99A788F-C05F-4C34-A239-6B3B5BC1F5E2}.Release|Any CPU.Build.0 = Release|Any CPU
		{F98820F1-99B7-463C-92F9-D3C06DA5E271}.Debug|Any CPU.ActiveCfg = Debug|Any CPU
		{F98820F1-99B7-463C-92F9-D3C06DA5E271}.Debug|Any CPU.Build.0 = Debug|Any CPU
		{F98820F1-99B7-463C-92F9-D3C06DA5E271}.Release|Any CPU.ActiveCfg = Release|Any CPU
		{F98820F1-99B7-463C-92F9-D3C06DA5E271}.Release|Any CPU.Build.0 = Release|Any CPU
		{CC7CC94C-3685-4AA6-A90C-A57942ECD69F}.Debug|Any CPU.ActiveCfg = Debug|Any CPU
		{CC7CC94C-3685-4AA6-A90C-A57942ECD69F}.Debug|Any CPU.Build.0 = Debug|Any CPU
		{CC7CC94C-3685-4AA6-A90C-A57942ECD69F}.Release|Any CPU.ActiveCfg = Release|Any CPU
		{CC7CC94C-3685-4AA6-A90C-A57942ECD69F}.Release|Any CPU.Build.0 = Release|Any CPU
		{C2D9C0F4-D0C4-42FD-8986-61387344C9EC}.Debug|Any CPU.ActiveCfg = Debug|Any CPU
		{C2D9C0F4-D0C4-42FD-8986-61387344C9EC}.Debug|Any CPU.Build.0 = Debug|Any CPU
		{C2D9C0F4-D0C4-42FD-8986-61387344C9EC}.Release|Any CPU.ActiveCfg = Release|Any CPU
		{C2D9C0F4-D0C4-42FD-8986-61387344C9EC}.Release|Any CPU.Build.0 = Release|Any CPU
		{E70DB978-7C4B-4C99-960F-2753677FD4AF}.Debug|Any CPU.ActiveCfg = Debug|Any CPU
		{E70DB978-7C4B-4C99-960F-2753677FD4AF}.Debug|Any CPU.Build.0 = Debug|Any CPU
		{E70DB978-7C4B-4C99-960F-2753677FD4AF}.Release|Any CPU.ActiveCfg = Release|Any CPU
		{E70DB978-7C4B-4C99-960F-2753677FD4AF}.Release|Any CPU.Build.0 = Release|Any CPU
		{3B7B4EE7-AD9B-4EA3-9FDE-E286ABD23D22}.Debug|Any CPU.ActiveCfg = Debug|Any CPU
		{3B7B4EE7-AD9B-4EA3-9FDE-E286ABD23D22}.Debug|Any CPU.Build.0 = Debug|Any CPU
		{3B7B4EE7-AD9B-4EA3-9FDE-E286ABD23D22}.Release|Any CPU.ActiveCfg = Release|Any CPU
		{3B7B4EE7-AD9B-4EA3-9FDE-E286ABD23D22}.Release|Any CPU.Build.0 = Release|Any CPU
		{BE3CAC54-DA7C-4B8C-8E06-570C60502834}.Debug|Any CPU.ActiveCfg = Debug|Any CPU
		{BE3CAC54-DA7C-4B8C-8E06-570C60502834}.Debug|Any CPU.Build.0 = Debug|Any CPU
		{BE3CAC54-DA7C-4B8C-8E06-570C60502834}.Release|Any CPU.ActiveCfg = Release|Any CPU
		{BE3CAC54-DA7C-4B8C-8E06-570C60502834}.Release|Any CPU.Build.0 = Release|Any CPU
		{38C9DA2A-F579-4786-8640-9019A33399C8}.Debug|Any CPU.ActiveCfg = Debug|Any CPU
		{38C9DA2A-F579-4786-8640-9019A33399C8}.Debug|Any CPU.Build.0 = Debug|Any CPU
		{38C9DA2A-F579-4786-8640-9019A33399C8}.Release|Any CPU.ActiveCfg = Release|Any CPU
		{38C9DA2A-F579-4786-8640-9019A33399C8}.Release|Any CPU.Build.0 = Release|Any CPU
	EndGlobalSection
	GlobalSection(NestedProjects) = preSolution
		{EC973D85-4EFF-41C5-BF26-A3F3ADAD93C1} = {5B8057C0-61FD-4811-93CC-201CE1C780FA}
		{7B05FB37-7A02-4DC9-A685-93745F1ED164} = {0DD60465-437B-47C2-9E3E-9A20449891F4}
		{D2C362C4-404E-4569-B6D1-7AB52B9A4D13} = {0DD60465-437B-47C2-9E3E-9A20449891F4}
		{57E61499-150D-4935-82EF-176456564861} = {0DD60465-437B-47C2-9E3E-9A20449891F4}
		{E4787925-80B9-429B-9AEA-BB0A6AF38E36} = {5B8057C0-61FD-4811-93CC-201CE1C780FA}
		{C679F284-6DDD-4C55-B2E6-B7396CBE05EB} = {0DD60465-437B-47C2-9E3E-9A20449891F4}
		{700172ED-F70A-4572-8F9A-7201FBE6A8AB} = {5B8057C0-61FD-4811-93CC-201CE1C780FA}
		{13FC62EA-6FDA-4751-983A-833E6352BEAE} = {5B8057C0-61FD-4811-93CC-201CE1C780FA}
		{B607F4CA-0D38-40B0-AD8F-3CC0F0099517} = {5B8057C0-61FD-4811-93CC-201CE1C780FA}
		{1B43060E-3AEF-41BD-A25F-28E8FDAB18EF} = {5B8057C0-61FD-4811-93CC-201CE1C780FA}
		{F29E56A4-9D42-4442-8474-8A3828D52EE9} = {0DD60465-437B-47C2-9E3E-9A20449891F4}
		{C99A788F-C05F-4C34-A239-6B3B5BC1F5E2} = {0DD60465-437B-47C2-9E3E-9A20449891F4}
		{F98820F1-99B7-463C-92F9-D3C06DA5E271} = {0DD60465-437B-47C2-9E3E-9A20449891F4}
		{CC7CC94C-3685-4AA6-A90C-A57942ECD69F} = {5B8057C0-61FD-4811-93CC-201CE1C780FA}
		{C2D9C0F4-D0C4-42FD-8986-61387344C9EC} = {5B8057C0-61FD-4811-93CC-201CE1C780FA}
		{E70DB978-7C4B-4C99-960F-2753677FD4AF} = {0DD60465-437B-47C2-9E3E-9A20449891F4}
		{3B7B4EE7-AD9B-4EA3-9FDE-E286ABD23D22} = {0DD60465-437B-47C2-9E3E-9A20449891F4}
		{BE3CAC54-DA7C-4B8C-8E06-570C60502834} = {0DD60465-437B-47C2-9E3E-9A20449891F4}
		{38C9DA2A-F579-4786-8640-9019A33399C8} = {0DD60465-437B-47C2-9E3E-9A20449891F4}
	EndGlobalSection
EndGlobal
