
Microsoft Visual Studio Solution File, Format Version 12.00
Project("{FAE04EC0-301F-11D3-BF4B-00C04F79EFBC}") = "WebApp", "WebApp\WebApp.csproj", "{FBC5CA71-4115-4A26-B909-F55E6AD097B1}"
EndProject
Project("{FAE04EC0-301F-11D3-BF4B-00C04F79EFBC}") = "Domain", "Domain\Domain.csproj", "{8EDE20D6-F240-4750-9ACD-519C4CC1E8F6}"
EndProject
Project("{FAE04EC0-301F-11D3-BF4B-00C04F79EFBC}") = "App.DAL.EF", "App.DAL.EF\App.DAL.EF.csproj", "{89012C7E-D32B-4B94-97C8-E4823E07DDBF}"
EndProject
Project("{2150E333-8FDC-42A3-9474-1A3956D46DE8}") = "APP", "APP", "{42720F35-6733-4CAD-8178-AA1AFC54F5B2}"
EndProject
Project("{2150E333-8FDC-42A3-9474-1A3956D46DE8}") = "BASE", "BASE", "{49F03A12-5E0F-492C-A926-8EB16C6E4F0A}"
EndProject
Project("{FAE04EC0-301F-11D3-BF4B-00C04F79EFBC}") = "Base.Domain", "Base.Domain\Base.Domain.csproj", "{1A7D8020-2982-4082-B70D-237AE43C7966}"
EndProject
Global
	GlobalSection(SolutionConfigurationPlatforms) = preSolution
		Debug|Any CPU = Debug|Any CPU
		Release|Any CPU = Release|Any CPU
	EndGlobalSection
	GlobalSection(ProjectConfigurationPlatforms) = postSolution
		{FBC5CA71-4115-4A26-B909-F55E6AD097B1}.Debug|Any CPU.ActiveCfg = Debug|Any CPU
		{FBC5CA71-4115-4A26-B909-F55E6AD097B1}.Debug|Any CPU.Build.0 = Debug|Any CPU
		{FBC5CA71-4115-4A26-B909-F55E6AD097B1}.Release|Any CPU.ActiveCfg = Release|Any CPU
		{FBC5CA71-4115-4A26-B909-F55E6AD097B1}.Release|Any CPU.Build.0 = Release|Any CPU
		{8EDE20D6-F240-4750-9ACD-519C4CC1E8F6}.Debug|Any CPU.ActiveCfg = Debug|Any CPU
		{8EDE20D6-F240-4750-9ACD-519C4CC1E8F6}.Debug|Any CPU.Build.0 = Debug|Any CPU
		{8EDE20D6-F240-4750-9ACD-519C4CC1E8F6}.Release|Any CPU.ActiveCfg = Release|Any CPU
		{8EDE20D6-F240-4750-9ACD-519C4CC1E8F6}.Release|Any CPU.Build.0 = Release|Any CPU
		{89012C7E-D32B-4B94-97C8-E4823E07DDBF}.Debug|Any CPU.ActiveCfg = Debug|Any CPU
		{89012C7E-D32B-4B94-97C8-E4823E07DDBF}.Debug|Any CPU.Build.0 = Debug|Any CPU
		{89012C7E-D32B-4B94-97C8-E4823E07DDBF}.Release|Any CPU.ActiveCfg = Release|Any CPU
		{89012C7E-D32B-4B94-97C8-E4823E07DDBF}.Release|Any CPU.Build.0 = Release|Any CPU
		{1A7D8020-2982-4082-B70D-237AE43C7966}.Debug|Any CPU.ActiveCfg = Debug|Any CPU
		{1A7D8020-2982-4082-B70D-237AE43C7966}.Debug|Any CPU.Build.0 = Debug|Any CPU
		{1A7D8020-2982-4082-B70D-237AE43C7966}.Release|Any CPU.ActiveCfg = Release|Any CPU
		{1A7D8020-2982-4082-B70D-237AE43C7966}.Release|Any CPU.Build.0 = Release|Any CPU
	EndGlobalSection
	GlobalSection(NestedProjects) = preSolution
		{1A7D8020-2982-4082-B70D-237AE43C7966} = {49F03A12-5E0F-492C-A926-8EB16C6E4F0A}
	EndGlobalSection
EndGlobal
